
Microsoft Visual Studio Solution File, Format Version 12.00
# Visual Studio 15
VisualStudioVersion = 15.0.27703.2042
MinimumVisualStudioVersion = 10.0.40219.1
Project("{FAE04EC0-301F-11D3-BF4B-00C04F79EFBC}") = "dz04-04", "dz04-04\dz04-04.csproj", "{30A522E9-0884-4036-ADD9-BAD886F94CFE}"
EndProject
Global
	GlobalSection(SolutionConfigurationPlatforms) = preSolution
		Debug|Any CPU = Debug|Any CPU
		Release|Any CPU = Release|Any CPU
	EndGlobalSection
	GlobalSection(ProjectConfigurationPlatforms) = postSolution
		{30A522E9-0884-4036-ADD9-BAD886F94CFE}.Debug|Any CPU.ActiveCfg = Debug|Any CPU
		{30A522E9-0884-4036-ADD9-BAD886F94CFE}.Debug|Any CPU.Build.0 = Debug|Any CPU
		{30A522E9-0884-4036-ADD9-BAD886F94CFE}.Release|Any CPU.ActiveCfg = Release|Any CPU
		{30A522E9-0884-4036-ADD9-BAD886F94CFE}.Release|Any CPU.Build.0 = Release|Any CPU
	EndGlobalSection
	GlobalSection(SolutionProperties) = preSolution
		HideSolutionNode = FALSE
	EndGlobalSection
	GlobalSection(ExtensibilityGlobals) = postSolution
		SolutionGuid = {2387A49A-1BA9-47B9-80F4-306CC4D4A729}
	EndGlobalSection
EndGlobal
